<?xml version="1.0" encoding="utf-8"?>
<Project ToolsVersion="4.0" xmlns="http://schemas.microsoft.com/developer/msbuild/2003">
  <ItemGroup>
    <Filter Include="Исходные файлы">
      <UniqueIdentifier>{4FC737F1-C7A5-4376-A066-2A32D752A2FF}</UniqueIdentifier>
      <Extensions>cpp;c;cc;cxx;def;odl;idl;hpj;bat;asm;asmx</Extensions>
    </Filter>
    <Filter Include="Файлы заголовков">
      <UniqueIdentifier>{93995380-89BD-4b04-88EB-625FBE52EBFB}</UniqueIdentifier>
      <Extensions>h;hh;hpp;hxx;hm;inl;inc;ipp;xsd</Extensions>
    </Filter>
    <Filter Include="Файлы ресурсов">
      <UniqueIdentifier>{67DA6AB6-F800-4c08-8B7A-83BB121AAD01}</UniqueIdentifier>
      <Extensions>rc;ico;cur;bmp;dlg;rc2;rct;bin;rgs;gif;jpg;jpeg;jpe;resx;tiff;tif;png;wav;mfcribbon-ms</Extensions>
    </Filter>
    <Filter Include="App">
      <UniqueIdentifier>{9e7d3f86-0cc7-4fad-b997-d85389d3b1ef}</UniqueIdentifier>
    </Filter>
    <Filter Include="Stroustruap_libs">
      <UniqueIdentifier>{6e05c67f-ca8a-47c0-800a-1a24d1f42e70}</UniqueIdentifier>
    </Filter>
    <Filter Include="Ch12">
      <UniqueIdentifier>{7ce06696-e8cc-4d95-899e-45076a1bc98b}</UniqueIdentifier>
    </Filter>
    <Filter Include="Ch12\Task1">
      <UniqueIdentifier>{1c38479c-c70d-426c-b73a-a0f1dfca9de0}</UniqueIdentifier>
    </Filter>
    <Filter Include="Ch12\Task2">
      <UniqueIdentifier>{4e078514-0e53-47ff-acb7-a172f1c770da}</UniqueIdentifier>
    </Filter>
    <Filter Include="Ch12\Task3">
      <UniqueIdentifier>{675f557b-3054-4f25-96fc-5566684fe63e}</UniqueIdentifier>
    </Filter>
    <Filter Include="Ch12\Task5">
      <UniqueIdentifier>{9075ca35-9071-4eab-9ba7-010036a3b493}</UniqueIdentifier>
    </Filter>
    <Filter Include="Ch12\Task4">
      <UniqueIdentifier>{92abb3cf-cfd5-43ed-9791-7c2819c9fa62}</UniqueIdentifier>
    </Filter>
    <Filter Include="Ch12\Task7">
      <UniqueIdentifier>{4e44e20b-3058-410a-a105-7eaee510dbae}</UniqueIdentifier>
    </Filter>
    <Filter Include="Ch12\Task6">
      <UniqueIdentifier>{39c576db-1877-4a4b-bf5f-5c101e3a019f}</UniqueIdentifier>
    </Filter>
    <Filter Include="Ch12\Task8">
      <UniqueIdentifier>{a1311391-9741-4bdd-b778-07c59bfa4405}</UniqueIdentifier>
    </Filter>
    <Filter Include="Ch12\Task9">
      <UniqueIdentifier>{6802d372-391f-41ed-8177-8b6e88397027}</UniqueIdentifier>
    </Filter>
    <Filter Include="Ch12\Task10">
      <UniqueIdentifier>{7d1e5ecd-3110-4fe4-9520-999fa5855595}</UniqueIdentifier>
    </Filter>
    <Filter Include="Ch12\Task12-13">
      <UniqueIdentifier>{121dc2ba-32ff-4880-b070-2823f1b55b84}</UniqueIdentifier>
    </Filter>
    <Filter Include="Ch12\Task11">
      <UniqueIdentifier>{22817b02-bf8b-41c2-9693-70daa4791dfc}</UniqueIdentifier>
    </Filter>
    <Filter Include="Ch13">
      <UniqueIdentifier>{3a639a3a-a765-4993-9176-650dfc9a9aa4}</UniqueIdentifier>
    </Filter>
    <Filter Include="Ch13\Task1">
      <UniqueIdentifier>{4951662a-32e6-40f7-a965-ab7cfe3ca1b0}</UniqueIdentifier>
    </Filter>
    <Filter Include="Ch13\Task2">
      <UniqueIdentifier>{8907651d-c71d-4187-9f84-df293579cb60}</UniqueIdentifier>
    </Filter>
    <Filter Include="Ch13\My_classes">
      <UniqueIdentifier>{12fdd330-f7ae-493b-a2a4-5476bfae24c5}</UniqueIdentifier>
    </Filter>
    <Filter Include="Ch13\Task3">
      <UniqueIdentifier>{d112ee1f-6d67-47cc-944d-e9b12b167ebf}</UniqueIdentifier>
    </Filter>
    <Filter Include="Ch13\Task4">
      <UniqueIdentifier>{a4126f78-3651-4ff3-9e72-4ee13e866127}</UniqueIdentifier>
    </Filter>
    <Filter Include="Ch13\Task5">
      <UniqueIdentifier>{6ab341a5-0d1a-497a-8bc2-31d5bbe77050}</UniqueIdentifier>
    </Filter>
    <Filter Include="Ch13\Task7">
      <UniqueIdentifier>{e43310dd-3530-4a67-bfdc-c3ccbf230781}</UniqueIdentifier>
    </Filter>
    <Filter Include="Ch13\Task8-9">
      <UniqueIdentifier>{aa046242-d392-4bdf-a018-295540fd6d1c}</UniqueIdentifier>
    </Filter>
    <Filter Include="Ch13\Task10">
      <UniqueIdentifier>{6f83f359-7d95-4ad0-9195-d9b0fe5ea695}</UniqueIdentifier>
    </Filter>
    <Filter Include="Ch13\Task11">
      <UniqueIdentifier>{ab79ba42-dd51-400b-82b3-a386a5902bd1}</UniqueIdentifier>
    </Filter>
    <Filter Include="Ch13\Task13">
      <UniqueIdentifier>{ebd7cee3-80fa-4890-83f6-2c1c68aea41a}</UniqueIdentifier>
    </Filter>
    <Filter Include="Ch13\Task14">
      <UniqueIdentifier>{bcd19847-8ab7-4cf5-a18d-84eda49cafda}</UniqueIdentifier>
    </Filter>
    <Filter Include="Ch13\Task15">
      <UniqueIdentifier>{f5105109-f599-4ae6-928e-1f9742cab50b}</UniqueIdentifier>
    </Filter>
    <Filter Include="Ch13\Task16-17">
      <UniqueIdentifier>{e7435632-d895-4ffa-96e4-94ba11e4fc68}</UniqueIdentifier>
    </Filter>
    <Filter Include="Ch13\Task12">
      <UniqueIdentifier>{7dda76e5-6cd7-4398-9f5e-9a8accdfce8a}</UniqueIdentifier>
    </Filter>
    <Filter Include="Ch13\Task18">
      <UniqueIdentifier>{a09e3a50-1147-47e4-bb5d-0ab3dddfcb37}</UniqueIdentifier>
    </Filter>
    <Filter Include="Ch13\Task6">
      <UniqueIdentifier>{08590c36-9b2b-47c3-b2c4-df5d48e326a8}</UniqueIdentifier>
    </Filter>
    <Filter Include="Ch13\Task19">
      <UniqueIdentifier>{070ab932-ee22-454f-a3b1-c94266c27c44}</UniqueIdentifier>
    </Filter>
    <Filter Include="Ch14">
      <UniqueIdentifier>{5efbdb7f-5d8b-45fd-8175-b4f081643616}</UniqueIdentifier>
    </Filter>
    <Filter Include="Ch14\Task1z">
      <UniqueIdentifier>{b8d33fa0-579b-43ab-a708-d80ab200362b}</UniqueIdentifier>
    </Filter>
    <Filter Include="Ch14\Task1">
      <UniqueIdentifier>{51dd9150-0945-4ce5-99bf-0610890066b6}</UniqueIdentifier>
    </Filter>
    <Filter Include="Ch14\My_Classes_14">
      <UniqueIdentifier>{9ae64749-d75d-4d75-af81-ced4e73f22a8}</UniqueIdentifier>
    </Filter>
    <Filter Include="Ch14\Task4">
      <UniqueIdentifier>{07dcf35e-c8ae-455a-add2-6e4b806661a1}</UniqueIdentifier>
    </Filter>
    <Filter Include="Ch14\Task8">
      <UniqueIdentifier>{52886186-5222-4ae2-8ee3-9aa4663bf174}</UniqueIdentifier>
    </Filter>
    <Filter Include="Ch14\Task15">
      <UniqueIdentifier>{ef77b725-47e8-446c-849d-438facb538e0}</UniqueIdentifier>
    </Filter>
    <Filter Include="Ch14\Task16">
      <UniqueIdentifier>{59a80f8a-347d-4056-a2bf-e3c764906c90}</UniqueIdentifier>
    </Filter>
    <Filter Include="Ch14\Task5">
      <UniqueIdentifier>{79ad0435-4833-4fa0-b918-821bdf93999f}</UniqueIdentifier>
    </Filter>
    <Filter Include="Ch14\Task6">
      <UniqueIdentifier>{c74c6cc1-fdcf-4759-83b2-f3b747665292}</UniqueIdentifier>
    </Filter>
    <Filter Include="Ch14\Task7">
      <UniqueIdentifier>{b29fc531-a91f-4f9a-9b7a-33ce0984b8c2}</UniqueIdentifier>
    </Filter>
    <Filter Include="Ch14\Task17">
      <UniqueIdentifier>{9cb51868-65bd-4247-8c45-c974bc2f8121}</UniqueIdentifier>
    </Filter>
    <Filter Include="Ch14\Task11-14">
      <UniqueIdentifier>{3c4d8bc3-580e-4c0b-8106-0bb6ad090368}</UniqueIdentifier>
    </Filter>
    <Filter Include="Ch14\Task9">
      <UniqueIdentifier>{2c28a1ef-f60c-4f46-a59e-d5c2a1cb7c13}</UniqueIdentifier>
    </Filter>
    <Filter Include="Ch15">
      <UniqueIdentifier>{622144ef-f052-4160-920a-8d1faa99d58b}</UniqueIdentifier>
    </Filter>
    <Filter Include="Ch15\Task1z">
      <UniqueIdentifier>{96ebf093-519d-4da0-a0bd-27424484a5d6}</UniqueIdentifier>
    </Filter>
    <Filter Include="Ch15\Task1">
      <UniqueIdentifier>{9e5b588c-8263-4fdc-afd8-2b31281265e9}</UniqueIdentifier>
    </Filter>
    <Filter Include="Ch15\Task4">
      <UniqueIdentifier>{d665fe1f-fdae-48fa-bb6f-265b7d66c744}</UniqueIdentifier>
    </Filter>
    <Filter Include="Ch15\Task2-3">
      <UniqueIdentifier>{c0882f44-6ee1-43ca-b1d5-d1097134e419}</UniqueIdentifier>
    </Filter>
    <Filter Include="Ch15\Task5">
      <UniqueIdentifier>{625da647-bd91-4976-b693-c5cb74f068b0}</UniqueIdentifier>
    </Filter>
    <Filter Include="Ch15\Task6-11">
      <UniqueIdentifier>{6782db76-166e-4ef1-8fbe-8ced9d2ec234}</UniqueIdentifier>
    </Filter>
    <Filter Include="Ch16">
      <UniqueIdentifier>{1494773e-e437-4605-963f-985309b7c27a}</UniqueIdentifier>
    </Filter>
    <Filter Include="Ch16\Task1z">
      <UniqueIdentifier>{89f87e14-a662-4d02-851f-cd856391b22e}</UniqueIdentifier>
    </Filter>
    <Filter Include="Ch16\Task1">
      <UniqueIdentifier>{2ef56bba-6773-41dd-adc8-5fcb81528950}</UniqueIdentifier>
    </Filter>
    <Filter Include="Ch16\My_classes_16">
      <UniqueIdentifier>{8ffb9321-0963-4861-aa03-e39f61a2137a}</UniqueIdentifier>
    </Filter>
    <Filter Include="Ch16\Task3">
      <UniqueIdentifier>{b26af4a5-9184-46ac-a04f-5e625ccfd2ca}</UniqueIdentifier>
    </Filter>
    <Filter Include="Ch16\Task4">
      <UniqueIdentifier>{21431742-1c9d-4227-935b-6b373449a0e7}</UniqueIdentifier>
    </Filter>
    <Filter Include="Ch16\Task5">
      <UniqueIdentifier>{845c102a-b5cc-46c0-9e29-d8bb0d8c8613}</UniqueIdentifier>
    </Filter>
    <Filter Include="Ch16\Task2">
      <UniqueIdentifier>{3396802a-6c72-45bb-a761-96fab1cb2e1d}</UniqueIdentifier>
    </Filter>
    <Filter Include="Ch16\Task6">
      <UniqueIdentifier>{4b5ef040-941e-426f-84b3-0c3e020a276c}</UniqueIdentifier>
    </Filter>
    <Filter Include="Ch16\Task7">
      <UniqueIdentifier>{4567a006-17e6-4012-98c2-1bba3ed209ca}</UniqueIdentifier>
    </Filter>
    <Filter Include="Ch16\Task9">
      <UniqueIdentifier>{0bb15ac7-6c1c-4ecf-abd5-d530557a7417}</UniqueIdentifier>
    </Filter>
    <Filter Include="Ch16\Task8">
      <UniqueIdentifier>{2f0f053c-9413-420e-9ec7-516ebb6bc085}</UniqueIdentifier>
    </Filter>
    <Filter Include="Ch16\Task10">
      <UniqueIdentifier>{33db6367-de3e-4b75-9d06-7ea7061d376a}</UniqueIdentifier>
    </Filter>
    <Filter Include="Ch17">
      <UniqueIdentifier>{cb6d0a8c-554c-451b-ba45-8f2f62b73c95}</UniqueIdentifier>
    </Filter>
    <Filter Include="Ch17\Task1z">
      <UniqueIdentifier>{7c772dce-bb26-48ae-88b9-8bf0cf10b9c3}</UniqueIdentifier>
    </Filter>
    <Filter Include="Ch17\Task3">
      <UniqueIdentifier>{82afa4ae-4386-4250-a57a-6ac3d832ea1f}</UniqueIdentifier>
    </Filter>
    <Filter Include="Ch17\Task4">
      <UniqueIdentifier>{111e1b69-e0c6-4896-bd41-7e9beadfbf71}</UniqueIdentifier>
    </Filter>
    <Filter Include="Ch17\Task5">
      <UniqueIdentifier>{0e1c979b-80ca-48ef-a005-58b657d3087a}</UniqueIdentifier>
    </Filter>
    <Filter Include="Ch17\Task9">
      <UniqueIdentifier>{535bb140-8e26-432f-93ec-b1d25e0acc1e}</UniqueIdentifier>
    </Filter>
    <Filter Include="Ch17\Task7-8">
      <UniqueIdentifier>{27727e8e-e230-4591-9a97-109717c19eb3}</UniqueIdentifier>
    </Filter>
    <Filter Include="Ch17\Task11-14">
      <UniqueIdentifier>{8468d39f-bdac-4894-9580-7bc9048f8c39}</UniqueIdentifier>
    </Filter>
    <Filter Include="Ch18">
      <UniqueIdentifier>{831fc561-9f6d-4150-827f-4afd07f535a7}</UniqueIdentifier>
    </Filter>
    <Filter Include="Ch18\Task1z">
      <UniqueIdentifier>{e92cb4e2-6db9-4e09-aaf9-4b3df754ac67}</UniqueIdentifier>
    </Filter>
    <Filter Include="Ch18\Task1-4">
      <UniqueIdentifier>{20e15bb7-20eb-441f-a155-6afb0ab329b4}</UniqueIdentifier>
    </Filter>
    <Filter Include="Ch18\Task5-7">
      <UniqueIdentifier>{175fe29e-65f1-48ef-9605-3b6fc6273875}</UniqueIdentifier>
    </Filter>
    <Filter Include="Ch18\Task8">
      <UniqueIdentifier>{3c8b67cd-7e25-48cc-ad45-4ca8193ff617}</UniqueIdentifier>
    </Filter>
    <Filter Include="Ch18\Task9">
      <UniqueIdentifier>{9ec4f971-c03a-4e6e-9d77-07b7a37fc506}</UniqueIdentifier>
    </Filter>
    <Filter Include="Ch18\Task10">
      <UniqueIdentifier>{b0ebc65b-5617-4aec-99b2-9113086ef24d}</UniqueIdentifier>
    </Filter>
    <Filter Include="Ch18\Task11">
      <UniqueIdentifier>{a7423a71-d625-4f66-99f6-88e643ad3460}</UniqueIdentifier>
    </Filter>
    <Filter Include="Ch18\Task12">
      <UniqueIdentifier>{48cbcdb3-07cd-4c94-8c88-044a389fbe17}</UniqueIdentifier>
    </Filter>
    <Filter Include="Ch18\RAII_test">
      <UniqueIdentifier>{2bbb76d6-5bff-40df-81b4-02b01c4cbf51}</UniqueIdentifier>
    </Filter>
    <Filter Include="Ch19">
      <UniqueIdentifier>{baf1261f-957f-4b90-9c1f-d913d6696471}</UniqueIdentifier>
    </Filter>
    <Filter Include="Ch19\Task1z">
      <UniqueIdentifier>{d0c5695a-978a-4cf8-b6aa-878d333dab00}</UniqueIdentifier>
    </Filter>
    <Filter Include="Ch19\Task1">
      <UniqueIdentifier>{9e33ab51-8b85-41cf-8542-80892b99896f}</UniqueIdentifier>
    </Filter>
    <Filter Include="Ch19\Task2">
      <UniqueIdentifier>{c1c45ea2-14d2-4633-ac2a-19624446025c}</UniqueIdentifier>
    </Filter>
    <Filter Include="Ch19\Task3">
      <UniqueIdentifier>{ea5a5324-881b-401a-a799-c9b687e4003a}</UniqueIdentifier>
    </Filter>
    <Filter Include="Ch19\Task5-7">
      <UniqueIdentifier>{eb7d4650-46eb-45e8-86c1-018c3a3fc01e}</UniqueIdentifier>
    </Filter>
    <Filter Include="Ch19\Task10">
      <UniqueIdentifier>{3b7b3fa1-372e-4ae4-a187-bb14d4789596}</UniqueIdentifier>
    </Filter>
    <Filter Include="Ch19\Task13">
      <UniqueIdentifier>{64e000dd-1f53-4e6a-89bc-617ff635e2fd}</UniqueIdentifier>
    </Filter>
    <Filter Include="Ch19\Task8">
      <UniqueIdentifier>{3b40e658-1c27-4ad3-b4fc-6d563b9de6da}</UniqueIdentifier>
    </Filter>
    <Filter Include="Ch20">
      <UniqueIdentifier>{a72195cd-bd85-4519-b9e7-3a79d227e1ef}</UniqueIdentifier>
    </Filter>
    <Filter Include="Ch20\Task6z">
      <UniqueIdentifier>{acb8c257-759a-4e4d-9fe0-f21f420abfa5}</UniqueIdentifier>
    </Filter>
    <Filter Include="Ch20\Task7">
      <UniqueIdentifier>{e1f50f99-a2cb-4d9e-912d-1fda925a99c6}</UniqueIdentifier>
    </Filter>
    <Filter Include="Ch20\Task3">
      <UniqueIdentifier>{c7c6af91-6d03-43ff-a81c-ba7efafb6e24}</UniqueIdentifier>
    </Filter>
    <Filter Include="Ch20\Task10">
      <UniqueIdentifier>{754dbed5-39e3-44a8-a0dc-179fe5e35f6d}</UniqueIdentifier>
    </Filter>
    <Filter Include="Ch20\Task2">
      <UniqueIdentifier>{8800a588-c555-42c5-890e-72b2041b1c07}</UniqueIdentifier>
    </Filter>
  </ItemGroup>
  <ItemGroup>
    <ClCompile Include="Stroustruap_libs\Graph.cpp">
      <Filter>Stroustruap_libs</Filter>
    </ClCompile>
    <ClCompile Include="Stroustruap_libs\GUI.cpp">
      <Filter>Stroustruap_libs</Filter>
    </ClCompile>
    <ClCompile Include="Stroustruap_libs\Window.cpp">
      <Filter>Stroustruap_libs</Filter>
    </ClCompile>
    <ClCompile Include="App\main.cpp">
      <Filter>App</Filter>
    </ClCompile>
    <ClCompile Include="Ch12\Task1\ex_1.cpp">
      <Filter>Ch12\Task1</Filter>
    </ClCompile>
    <ClCompile Include="Stroustruap_libs\Simple_window.cpp">
      <Filter>Stroustruap_libs</Filter>
    </ClCompile>
    <ClCompile Include="Ch12\Task2\ex_2.cpp">
      <Filter>Ch12\Task2</Filter>
    </ClCompile>
    <ClCompile Include="Ch12\Task3\ex_3.cpp">
      <Filter>Ch12\Task3</Filter>
    </ClCompile>
    <ClCompile Include="Ch12\Task4\ex_4.cpp">
      <Filter>Ch12\Task4</Filter>
    </ClCompile>
    <ClCompile Include="Ch12\Task5\ex_5.cpp">
      <Filter>Ch12\Task5</Filter>
    </ClCompile>
    <ClCompile Include="Ch12\Task6\ex_6.cpp">
      <Filter>Ch12\Task6</Filter>
    </ClCompile>
    <ClCompile Include="Ch12\Task7\ex_7.cpp">
      <Filter>Ch12\Task7</Filter>
    </ClCompile>
    <ClCompile Include="Ch12\Task8\ex_8.cpp">
      <Filter>Ch12\Task8</Filter>
    </ClCompile>
    <ClCompile Include="Ch12\Task9\ex_9.cpp">
      <Filter>Ch12\Task9</Filter>
    </ClCompile>
    <ClCompile Include="Ch12\Task10\ex_10.cpp">
      <Filter>Ch12\Task10</Filter>
    </ClCompile>
    <ClCompile Include="Ch12\Task11\ex_11.cpp">
      <Filter>Ch12\Task11</Filter>
    </ClCompile>
    <ClCompile Include="Ch12\Task12-13\ex_12_13.cpp">
      <Filter>Ch12\Task12-13</Filter>
    </ClCompile>
    <ClCompile Include="Ch13\Task1\ex_1.cpp">
      <Filter>Ch13\Task1</Filter>
    </ClCompile>
    <ClCompile Include="Ch13\Task2\ex_2.cpp">
      <Filter>Ch13\Task2</Filter>
    </ClCompile>
    <ClCompile Include="Ch13\Task3\ex_3.cpp">
      <Filter>Ch13\Task3</Filter>
    </ClCompile>
    <ClCompile Include="Ch13\My_Classes\Arrow.cpp">
      <Filter>Ch13\My_classes</Filter>
    </ClCompile>
    <ClCompile Include="Ch13\Task4\ex_4.cpp">
      <Filter>Ch13\Task4</Filter>
    </ClCompile>
    <ClCompile Include="Ch13\Task5\ex_5.cpp">
      <Filter>Ch13\Task5</Filter>
    </ClCompile>
    <ClCompile Include="Ch13\Task7\ex_7.cpp">
      <Filter>Ch13\Task7</Filter>
    </ClCompile>
    <ClCompile Include="Ch13\Task8-9\ex_8_9.cpp">
      <Filter>Ch13\Task8-9</Filter>
    </ClCompile>
    <ClCompile Include="Ch13\Task10\ex_10.cpp">
      <Filter>Ch13\Task10</Filter>
    </ClCompile>
    <ClCompile Include="Ch13\Task11\ex_11.cpp">
      <Filter>Ch13\Task11</Filter>
    </ClCompile>
    <ClCompile Include="Ch13\Task13\ex_13.cpp">
      <Filter>Ch13\Task13</Filter>
    </ClCompile>
    <ClCompile Include="Ch13\Task14\ex_14.cpp">
      <Filter>Ch13\Task14</Filter>
    </ClCompile>
    <ClCompile Include="Ch13\Task15\ex_15.cpp">
      <Filter>Ch13\Task15</Filter>
    </ClCompile>
    <ClCompile Include="Ch13\Task16-17\ex_16_17.cpp">
      <Filter>Ch13\Task16-17</Filter>
    </ClCompile>
    <ClCompile Include="Ch13\Task12\ex_12.cpp">
      <Filter>Ch13\Task12</Filter>
    </ClCompile>
    <ClCompile Include="Ch13\Task18\ex_18.cpp">
      <Filter>Ch13\Task18</Filter>
    </ClCompile>
    <ClCompile Include="Ch13\Task6\ex_6.cpp">
      <Filter>Ch13\Task6</Filter>
    </ClCompile>
    <ClCompile Include="Ch13\Task19\ex_19.cpp">
      <Filter>Ch13\Task19</Filter>
    </ClCompile>
    <ClCompile Include="Ch14\Task1z\ex_1_14z.cpp">
      <Filter>Ch14\Task1z</Filter>
    </ClCompile>
    <ClCompile Include="Ch14\Task1\ex_1_14.cpp">
      <Filter>Ch14\Task1</Filter>
    </ClCompile>
    <ClCompile Include="Ch14\Task4\ex_4_14.cpp">
      <Filter>Ch14\Task4</Filter>
    </ClCompile>
    <ClCompile Include="Ch14\Task8\ex_8_14.cpp">
      <Filter>Ch14\Task8</Filter>
    </ClCompile>
    <ClCompile Include="Ch14\Task15\ex_15_14.cpp">
      <Filter>Ch14\Task15</Filter>
    </ClCompile>
    <ClCompile Include="Ch14\Task16\ex_16_14.cpp">
      <Filter>Ch14\Task16</Filter>
    </ClCompile>
    <ClCompile Include="Ch14\Task5\ex_5_14.cpp">
      <Filter>Ch14\Task5</Filter>
    </ClCompile>
    <ClCompile Include="Ch14\Task6\ex_6_14.cpp">
      <Filter>Ch14\Task6</Filter>
    </ClCompile>
    <ClCompile Include="Ch14\Task7\ex_7_14.cpp">
      <Filter>Ch14\Task7</Filter>
    </ClCompile>
    <ClCompile Include="Ch14\Task17\ex_17_14.cpp">
      <Filter>Ch14\Task17</Filter>
    </ClCompile>
    <ClCompile Include="Ch14\Task11-14\ex_11_14_14.cpp">
      <Filter>Ch14\Task11-14</Filter>
    </ClCompile>
    <ClCompile Include="Ch14\Task9\ex_9_14.cpp">
      <Filter>Ch14\Task9</Filter>
    </ClCompile>
    <ClCompile Include="Ch15\Task1z\ex_1_15z.cpp">
      <Filter>Ch15\Task1z</Filter>
    </ClCompile>
    <ClCompile Include="Ch15\Task1\ex_1_15.cpp">
      <Filter>Ch15\Task1</Filter>
    </ClCompile>
    <ClCompile Include="Ch15\Task4\ex_4_15.cpp">
      <Filter>Ch15\Task4</Filter>
    </ClCompile>
    <ClCompile Include="Ch15\Task2-3\ex_2_3_15.cpp">
      <Filter>Ch15\Task2-3</Filter>
    </ClCompile>
    <ClCompile Include="Ch15\Task5\ex_5_15.cpp">
      <Filter>Ch15\Task5</Filter>
    </ClCompile>
    <ClCompile Include="Ch15\Task6-11\ex_6_11_15.cpp">
      <Filter>Ch15\Task6-11</Filter>
    </ClCompile>
    <ClCompile Include="Ch16\Task1z\ex_1_16z.cpp">
      <Filter>Ch16\Task1z</Filter>
    </ClCompile>
    <ClCompile Include="Ch16\Task1\ex_1_16.cpp">
      <Filter>Ch16\Task1</Filter>
    </ClCompile>
    <ClCompile Include="Ch16\Task3\ex_3_16.cpp">
      <Filter>Ch16\Task3</Filter>
    </ClCompile>
    <ClCompile Include="Ch16\Task4\ex_4_16.cpp">
      <Filter>Ch16\Task4</Filter>
    </ClCompile>
    <ClCompile Include="Ch16\Task5\ex_5_16.cpp">
      <Filter>Ch16\Task5</Filter>
    </ClCompile>
    <ClCompile Include="Ch16\Task2\ex_2_16.cpp">
      <Filter>Ch16\Task2</Filter>
    </ClCompile>
    <ClCompile Include="Ch16\Task6\ex_6_16.cpp">
      <Filter>Ch16\Task6</Filter>
    </ClCompile>
    <ClCompile Include="Ch16\Task7\ex_7_16.cpp">
      <Filter>Ch16\Task7</Filter>
    </ClCompile>
    <ClCompile Include="Ch16\Task9\ex_9_16.cpp">
      <Filter>Ch16\Task9</Filter>
    </ClCompile>
    <ClCompile Include="Ch16\Task8\ex_8_16.cpp">
      <Filter>Ch16\Task8</Filter>
    </ClCompile>
    <ClCompile Include="Ch16\Task10\ex_10_16.cpp">
      <Filter>Ch16\Task10</Filter>
    </ClCompile>
    <ClCompile Include="Ch17\Task1z\ex_1z_17.cpp">
      <Filter>Ch17\Task1z</Filter>
    </ClCompile>
    <ClCompile Include="Ch17\Task3\ex_3_17.cpp">
      <Filter>Ch17\Task3</Filter>
    </ClCompile>
    <ClCompile Include="Ch17\Task4\ex_4_17.cpp">
      <Filter>Ch17\Task4</Filter>
    </ClCompile>
    <ClCompile Include="Ch17\Task5\ex_5_17.cpp">
      <Filter>Ch17\Task5</Filter>
    </ClCompile>
    <ClCompile Include="Ch17\Task9\ex_9_17.cpp">
      <Filter>Ch17\Task9</Filter>
    </ClCompile>
    <ClCompile Include="Ch17\Task7-8\ex_7_8_17.cpp">
      <Filter>Ch17\Task7-8</Filter>
    </ClCompile>
    <ClCompile Include="Ch17\Task11-14\ex_11_14_17.cpp">
      <Filter>Ch17\Task11-14</Filter>
    </ClCompile>
    <ClCompile Include="Ch18\Task1z\ex_1z_18.cpp">
      <Filter>Ch18\Task1z</Filter>
    </ClCompile>
    <ClCompile Include="Ch18\Task1-4\ex_1_4_18.cpp">
      <Filter>Ch18\Task1-4</Filter>
    </ClCompile>
    <ClCompile Include="Ch18\Task5-7\ex_5_7_18.cpp">
      <Filter>Ch18\Task5-7</Filter>
    </ClCompile>
    <ClCompile Include="Ch18\Task8\ex_8_18.cpp">
      <Filter>Ch18\Task8</Filter>
    </ClCompile>
    <ClCompile Include="Ch18\Task9\ex_9_18.cpp">
      <Filter>Ch18\Task9</Filter>
    </ClCompile>
    <ClCompile Include="Ch18\Task10\ex_10_18.cpp">
      <Filter>Ch18\Task10</Filter>
    </ClCompile>
    <ClCompile Include="Ch18\Task11\ex_11_18.cpp">
      <Filter>Ch18\Task11</Filter>
    </ClCompile>
    <ClCompile Include="Ch18\Task12\ex_12_18.cpp">
      <Filter>Ch18\Task12</Filter>
    </ClCompile>
    <ClCompile Include="Ch18\RAII_test\raii_test.cpp">
      <Filter>Ch18\RAII_test</Filter>
    </ClCompile>
    <ClCompile Include="Ch19\Task1z\ex_1z_19.cpp">
      <Filter>Ch19\Task1z</Filter>
    </ClCompile>
    <ClCompile Include="Ch19\Task1\ex_1_19.cpp">
      <Filter>Ch19\Task1</Filter>
    </ClCompile>
    <ClCompile Include="Ch19\Task2\ex_2_19.cpp">
      <Filter>Ch19\Task2</Filter>
    </ClCompile>
    <ClCompile Include="Ch19\Task3\ex_3_19.cpp">
      <Filter>Ch19\Task3</Filter>
    </ClCompile>
    <ClCompile Include="Ch19\Task5-7\ex_5_7_19.cpp">
      <Filter>Ch19\Task5-7</Filter>
    </ClCompile>
    <ClCompile Include="Ch19\Task10\ex_10_19.cpp">
      <Filter>Ch19\Task10</Filter>
    </ClCompile>
    <ClCompile Include="Ch19\Task13\ex_13_19.cpp">
      <Filter>Ch19\Task13</Filter>
    </ClCompile>
    <ClCompile Include="Ch19\Task8\ex_8_19.cpp">
      <Filter>Ch19\Task8</Filter>
    </ClCompile>
    <ClCompile Include="Ch20\Task6z\ex_6z_20.cpp">
      <Filter>Ch20\Task6z</Filter>
    </ClCompile>
    <ClCompile Include="Ch20\Task7\ex_7_20.cpp">
      <Filter>Ch20\Task7</Filter>
    </ClCompile>
    <ClCompile Include="Ch20\Task3\ex_3_20.cpp">
      <Filter>Ch20\Task3</Filter>
    </ClCompile>
    <ClCompile Include="Ch20\Task10\ex_10_20.cpp">
      <Filter>Ch20\Task10</Filter>
    </ClCompile>
    <ClCompile Include="Ch20\Task2\ex_2_20.cpp">
      <Filter>Ch20\Task2</Filter>
    </ClCompile>
  </ItemGroup>
  <ItemGroup>
    <ClInclude Include="Stroustruap_libs\Graph.h">
      <Filter>Stroustruap_libs</Filter>
    </ClInclude>
    <ClInclude Include="Stroustruap_libs\GUI.h">
      <Filter>Stroustruap_libs</Filter>
    </ClInclude>
    <ClInclude Include="Stroustruap_libs\Point.h">
      <Filter>Stroustruap_libs</Filter>
    </ClInclude>
    <ClInclude Include="Stroustruap_libs\Simple_window.h">
      <Filter>Stroustruap_libs</Filter>
    </ClInclude>
    <ClInclude Include="Stroustruap_libs\std_lib_facilities_4.h">
      <Filter>Stroustruap_libs</Filter>
    </ClInclude>
    <ClInclude Include="Stroustruap_libs\Window.h">
      <Filter>Stroustruap_libs</Filter>
    </ClInclude>
    <ClInclude Include="Ch12\Task1\ex_1.h">
      <Filter>Ch12\Task1</Filter>
    </ClInclude>
    <ClInclude Include="Ch12\Task2\ex_2.h">
      <Filter>Ch12\Task2</Filter>
    </ClInclude>
    <ClInclude Include="Ch12\Task3\ex_3.h">
      <Filter>Ch12\Task3</Filter>
    </ClInclude>
    <ClInclude Include="Ch12\Task4\ex_4.h">
      <Filter>Ch12\Task4</Filter>
    </ClInclude>
    <ClInclude Include="Ch12\Task5\ex_5.h">
      <Filter>Ch12\Task5</Filter>
    </ClInclude>
    <ClInclude Include="Ch12\Task6\ex_6.h">
      <Filter>Ch12\Task6</Filter>
    </ClInclude>
    <ClInclude Include="Ch12\Task7\ex_7.h">
      <Filter>Ch12\Task7</Filter>
    </ClInclude>
    <ClInclude Include="Ch12\Task8\ex_8.h">
      <Filter>Ch12\Task8</Filter>
    </ClInclude>
    <ClInclude Include="Ch12\Task9\ex_9.h">
      <Filter>Ch12\Task9</Filter>
    </ClInclude>
    <ClInclude Include="Ch12\Task10\ex_10.h">
      <Filter>Ch12\Task10</Filter>
    </ClInclude>
    <ClInclude Include="Ch12\Task11\ex_11.h">
      <Filter>Ch12\Task11</Filter>
    </ClInclude>
    <ClInclude Include="Ch12\Task12-13\ex_12_13.h">
      <Filter>Ch12\Task12-13</Filter>
    </ClInclude>
    <ClInclude Include="Ch13\Task1\ex_1.h">
      <Filter>Ch13\Task1</Filter>
    </ClInclude>
    <ClInclude Include="Ch13\Task2\ex_2.h">
      <Filter>Ch13\Task2</Filter>
    </ClInclude>
    <ClInclude Include="Ch13\My_Classes\Arc.h">
      <Filter>Ch13\My_classes</Filter>
    </ClInclude>
    <ClInclude Include="Ch13\My_Classes\Box.h">
      <Filter>Ch13\My_classes</Filter>
    </ClInclude>
    <ClInclude Include="Ch13\My_Classes\Arrow.h">
      <Filter>Ch13\My_classes</Filter>
    </ClInclude>
    <ClInclude Include="Ch13\Task3\ex_3.h">
      <Filter>Ch13\Task3</Filter>
    </ClInclude>
    <ClInclude Include="Ch13\Task4\ex_4.h">
      <Filter>Ch13\Task4</Filter>
    </ClInclude>
    <ClInclude Include="Ch13\Task5\ex_5.h">
      <Filter>Ch13\Task5</Filter>
    </ClInclude>
    <ClInclude Include="Ch13\Task7\ex_7.h">
      <Filter>Ch13\Task7</Filter>
    </ClInclude>
    <ClInclude Include="Ch13\My_Classes\Regular_hexagon.h">
      <Filter>Ch13\My_classes</Filter>
    </ClInclude>
    <ClInclude Include="Ch13\Task8-9\ex_8_9.h">
      <Filter>Ch13\Task8-9</Filter>
    </ClInclude>
    <ClInclude Include="Ch13\My_Classes\Regular_polygon.h">
      <Filter>Ch13\My_classes</Filter>
    </ClInclude>
    <ClInclude Include="Ch13\Task10\ex_10.h">
      <Filter>Ch13\Task10</Filter>
    </ClInclude>
    <ClInclude Include="Ch13\Task11\ex_11.h">
      <Filter>Ch13\Task11</Filter>
    </ClInclude>
    <ClInclude Include="Ch13\Task13\ex_13.h">
      <Filter>Ch13\Task13</Filter>
    </ClInclude>
    <ClInclude Include="Ch13\My_Classes\Right_triangle.h">
      <Filter>Ch13\My_classes</Filter>
    </ClInclude>
    <ClInclude Include="Ch13\Task14\ex_14.h">
      <Filter>Ch13\Task14</Filter>
    </ClInclude>
    <ClInclude Include="Ch13\Task15\ex_15.h">
      <Filter>Ch13\Task15</Filter>
    </ClInclude>
    <ClInclude Include="Ch13\Task16-17\ex_16_17.h">
      <Filter>Ch13\Task16-17</Filter>
    </ClInclude>
    <ClInclude Include="Ch13\Task12\ex_12.h">
      <Filter>Ch13\Task12</Filter>
    </ClInclude>
    <ClInclude Include="Ch13\Task18\ex_18.h">
      <Filter>Ch13\Task18</Filter>
    </ClInclude>
    <ClInclude Include="Ch13\My_Classes\Poly.h">
      <Filter>Ch13\My_classes</Filter>
    </ClInclude>
    <ClInclude Include="Ch13\Task6\ex_6.h">
      <Filter>Ch13\Task6</Filter>
    </ClInclude>
    <ClInclude Include="Ch13\My_Classes\tBox.h">
      <Filter>Ch13\My_classes</Filter>
    </ClInclude>
    <ClInclude Include="Ch13\Task19\ex_19.h">
      <Filter>Ch13\Task19</Filter>
    </ClInclude>
    <ClInclude Include="Ch13\My_Classes\Star.h">
      <Filter>Ch13\My_classes</Filter>
    </ClInclude>
    <ClInclude Include="Ch14\Task1z\ex_1_14z.h">
      <Filter>Ch14\Task1z</Filter>
    </ClInclude>
    <ClInclude Include="Ch14\Task1\ex_1_14.h">
      <Filter>Ch14\Task1</Filter>
    </ClInclude>
    <ClInclude Include="Ch14\My_Classes_14\Frowny.h">
      <Filter>Ch14\My_Classes_14</Filter>
    </ClInclude>
    <ClInclude Include="Ch14\My_Classes_14\Smiley.h">
      <Filter>Ch14\My_Classes_14</Filter>
    </ClInclude>
    <ClInclude Include="Ch14\My_Classes_14\Frowny_h.h">
      <Filter>Ch14\My_Classes_14</Filter>
    </ClInclude>
    <ClInclude Include="Ch14\My_Classes_14\Smiley_h.h">
      <Filter>Ch14\My_Classes_14</Filter>
    </ClInclude>
    <ClInclude Include="Ch14\My_Classes_14\Immobile_Circle.h">
      <Filter>Ch14\My_Classes_14</Filter>
    </ClInclude>
    <ClInclude Include="Ch14\Task4\ex_4_14.h">
      <Filter>Ch14\Task4</Filter>
    </ClInclude>
    <ClInclude Include="Ch14\Task8\ex_8_14.h">
      <Filter>Ch14\Task8</Filter>
    </ClInclude>
    <ClInclude Include="Ch14\My_Classes_14\Octagon.h">
      <Filter>Ch14\My_Classes_14</Filter>
    </ClInclude>
    <ClInclude Include="Ch14\Task15\ex_15_14.h">
      <Filter>Ch14\Task15</Filter>
    </ClInclude>
    <ClInclude Include="Ch14\My_Classes_14\myIterator.h">
      <Filter>Ch14\My_Classes_14</Filter>
    </ClInclude>
    <ClInclude Include="Ch14\Task16\ex_16_14.h">
      <Filter>Ch14\Task16</Filter>
    </ClInclude>
    <ClInclude Include="Ch14\My_Classes_14\Striped_rectangle.h">
      <Filter>Ch14\My_Classes_14</Filter>
    </ClInclude>
    <ClInclude Include="Ch14\Task5\ex_5_14.h">
      <Filter>Ch14\Task5</Filter>
    </ClInclude>
    <ClInclude Include="Ch14\My_Classes_14\Controller.h">
      <Filter>Ch14\My_Classes_14</Filter>
    </ClInclude>
    <ClInclude Include="Ch14\Task6\ex_6_14.h">
      <Filter>Ch14\Task6</Filter>
    </ClInclude>
    <ClInclude Include="Ch14\My_Classes_14\Striped_circle.h">
      <Filter>Ch14\My_Classes_14</Filter>
    </ClInclude>
    <ClInclude Include="Ch14\My_Classes_14\Striped_closed_polyline.h">
      <Filter>Ch14\My_Classes_14</Filter>
    </ClInclude>
    <ClInclude Include="Ch14\Task7\ex_7_14.h">
      <Filter>Ch14\Task7</Filter>
    </ClInclude>
    <ClInclude Include="Ch14\Task17\ex_17_14.h">
      <Filter>Ch14\Task17</Filter>
    </ClInclude>
    <ClInclude Include="Ch14\Task11-14\ex_11_14_14.h">
      <Filter>Ch14\Task11-14</Filter>
    </ClInclude>
    <ClInclude Include="Ch14\My_Classes_14\Binary_tree.h">
      <Filter>Ch14\My_Classes_14</Filter>
    </ClInclude>
    <ClInclude Include="Ch14\Task9\ex_9_14.h">
      <Filter>Ch14\Task9</Filter>
    </ClInclude>
    <ClInclude Include="Ch14\My_Classes_14\Chess_board.h">
      <Filter>Ch14\My_Classes_14</Filter>
    </ClInclude>
    <ClInclude Include="Ch14\My_Classes_14\Group.h">
      <Filter>Ch14\My_Classes_14</Filter>
    </ClInclude>
    <ClInclude Include="Ch15\Task1z\ex_1_15z.h">
      <Filter>Ch15\Task1z</Filter>
    </ClInclude>
    <ClInclude Include="Ch15\Task1\ex_1_15.h">
      <Filter>Ch15\Task1</Filter>
    </ClInclude>
    <ClInclude Include="Ch15\Task4\ex_4_15.h">
      <Filter>Ch15\Task4</Filter>
    </ClInclude>
    <ClInclude Include="Ch15\Task2-3\ex_2_3_15.h">
      <Filter>Ch15\Task2-3</Filter>
    </ClInclude>
    <ClInclude Include="Ch15\Task5\ex_5_15.h">
      <Filter>Ch15\Task5</Filter>
    </ClInclude>
    <ClInclude Include="Ch15\Task6-11\ex_6_11_15.h">
      <Filter>Ch15\Task6-11</Filter>
    </ClInclude>
    <ClInclude Include="Ch16\Task1z\ex_1_16z.h">
      <Filter>Ch16\Task1z</Filter>
    </ClInclude>
    <ClInclude Include="Ch16\Task1\ex_1_16.h">
      <Filter>Ch16\Task1</Filter>
    </ClInclude>
    <ClInclude Include="Ch16\My_classes_16\My_window.h">
      <Filter>Ch16\My_classes_16</Filter>
    </ClInclude>
    <ClInclude Include="Ch16\Task3\ex_3_16.h">
      <Filter>Ch16\Task3</Filter>
    </ClInclude>
    <ClInclude Include="Ch16\Task4\ex_4_16.h">
      <Filter>Ch16\Task4</Filter>
    </ClInclude>
    <ClInclude Include="Ch16\Task5\ex_5_16.h">
      <Filter>Ch16\Task5</Filter>
    </ClInclude>
    <ClInclude Include="Ch16\My_classes_16\GraphMenu.h">
      <Filter>Ch16\My_classes_16</Filter>
    </ClInclude>
    <ClInclude Include="Ch16\My_classes_16\My_window_move.h">
      <Filter>Ch16\My_classes_16</Filter>
    </ClInclude>
    <ClInclude Include="Ch16\My_classes_16\MoveFigure.h">
      <Filter>Ch16\My_classes_16</Filter>
    </ClInclude>
    <ClInclude Include="Ch16\Task2\ex_2_16.h">
      <Filter>Ch16\Task2</Filter>
    </ClInclude>
    <ClInclude Include="Ch16\My_classes_16\Colored_button.h">
      <Filter>Ch16\My_classes_16</Filter>
    </ClInclude>
    <ClInclude Include="Ch16\Task6\ex_6_16.h">
      <Filter>Ch16\Task6</Filter>
    </ClInclude>
    <ClInclude Include="Ch16\My_classes_16\Clock.h">
      <Filter>Ch16\My_classes_16</Filter>
    </ClInclude>
    <ClInclude Include="Ch16\My_classes_16\Plane.h">
      <Filter>Ch16\My_classes_16</Filter>
    </ClInclude>
    <ClInclude Include="Ch16\Task7\ex_7_16.h">
      <Filter>Ch16\Task7</Filter>
    </ClInclude>
    <ClInclude Include="Ch16\Task9\ex_9_16.h">
      <Filter>Ch16\Task9</Filter>
    </ClInclude>
    <ClInclude Include="Ch16\My_classes_16\Calculator.h">
      <Filter>Ch16\My_classes_16</Filter>
    </ClInclude>
    <ClInclude Include="Ch16\My_classes_16\Calculator_back.h">
      <Filter>Ch16\My_classes_16</Filter>
    </ClInclude>
    <ClInclude Include="Ch16\Task8\ex_8_16.h">
      <Filter>Ch16\Task8</Filter>
    </ClInclude>
    <ClInclude Include="Ch16\My_classes_16\Convert.h">
      <Filter>Ch16\My_classes_16</Filter>
    </ClInclude>
    <ClInclude Include="Ch16\My_classes_16\Plot_builder.h">
      <Filter>Ch16\My_classes_16</Filter>
    </ClInclude>
    <ClInclude Include="Ch16\Task10\ex_10_16.h">
      <Filter>Ch16\Task10</Filter>
    </ClInclude>
    <ClInclude Include="Ch17\Task1z\ex_1z_17.h">
      <Filter>Ch17\Task1z</Filter>
    </ClInclude>
    <ClInclude Include="Ch17\Task3\ex_3_17.h">
      <Filter>Ch17\Task3</Filter>
    </ClInclude>
    <ClInclude Include="Ch17\Task4\ex_4_17.h">
      <Filter>Ch17\Task4</Filter>
    </ClInclude>
    <ClInclude Include="Ch17\Task5\ex_5_17.h">
      <Filter>Ch17\Task5</Filter>
    </ClInclude>
    <ClInclude Include="Ch17\Task9\ex_9_17.h">
      <Filter>Ch17\Task9</Filter>
    </ClInclude>
    <ClInclude Include="Ch17\Task7-8\ex_7_8_17.h">
      <Filter>Ch17\Task7-8</Filter>
    </ClInclude>
    <ClInclude Include="Ch17\Task11-14\ex_11_14_17.h">
      <Filter>Ch17\Task11-14</Filter>
    </ClInclude>
    <ClInclude Include="Ch17\Task11-14\list.h">
      <Filter>Ch17\Task11-14</Filter>
    </ClInclude>
    <ClInclude Include="Ch18\Task1z\ex_1z_18.h">
      <Filter>Ch18\Task1z</Filter>
    </ClInclude>
    <ClInclude Include="Ch18\Task1-4\ex_1_4_18.h">
      <Filter>Ch18\Task1-4</Filter>
    </ClInclude>
    <ClInclude Include="Ch18\Task5-7\ex_5_7_18.h">
      <Filter>Ch18\Task5-7</Filter>
    </ClInclude>
    <ClInclude Include="Ch18\Task8\ex_8_18.h">
      <Filter>Ch18\Task8</Filter>
    </ClInclude>
    <ClInclude Include="Ch18\Task9\ex_9_18.h">
      <Filter>Ch18\Task9</Filter>
    </ClInclude>
    <ClInclude Include="Ch18\Task10\ex_10_18.h">
      <Filter>Ch18\Task10</Filter>
    </ClInclude>
    <ClInclude Include="Ch18\Task11\ex_11_18.h">
      <Filter>Ch18\Task11</Filter>
    </ClInclude>
    <ClInclude Include="Ch18\Task11\skip_list.h">
      <Filter>Ch18\Task11</Filter>
    </ClInclude>
    <ClInclude Include="Ch18\Task12\ex_12_18.h">
      <Filter>Ch18\Task12</Filter>
    </ClInclude>
    <ClInclude Include="Ch18\RAII_test\raii_test.h">
      <Filter>Ch18\RAII_test</Filter>
    </ClInclude>
    <ClInclude Include="Ch19\Task1z\ex_1z_19.h">
      <Filter>Ch19\Task1z</Filter>
    </ClInclude>
    <ClInclude Include="Ch19\Task1\ex_1_19.h">
      <Filter>Ch19\Task1</Filter>
    </ClInclude>
    <ClInclude Include="Ch19\Task2\ex_2_19.h">
      <Filter>Ch19\Task2</Filter>
    </ClInclude>
    <ClInclude Include="Ch19\Task3\ex_3_19.h">
      <Filter>Ch19\Task3</Filter>
    </ClInclude>
    <ClInclude Include="Ch19\Task5-7\ex_5_7_19.h">
      <Filter>Ch19\Task5-7</Filter>
    </ClInclude>
    <ClInclude Include="Ch19\Task10\ex_10_19.h">
      <Filter>Ch19\Task10</Filter>
    </ClInclude>
    <ClInclude Include="Ch19\Task13\ex_13_19.h">
      <Filter>Ch19\Task13</Filter>
    </ClInclude>
    <ClInclude Include="Ch19\Task8\ex_8_19.h">
      <Filter>Ch19\Task8</Filter>
    </ClInclude>
    <ClInclude Include="Ch20\Task6z\ex_6z_20.h">
      <Filter>Ch20\Task6z</Filter>
    </ClInclude>
    <ClInclude Include="Ch20\Task7\ex_7_20.h">
      <Filter>Ch20\Task7</Filter>
    </ClInclude>
    <ClInclude Include="Ch20\Task3\ex_3_20.h">
      <Filter>Ch20\Task3</Filter>
    </ClInclude>
    <ClInclude Include="Ch20\Task10\ex_10_20.h">
      <Filter>Ch20\Task10</Filter>
    </ClInclude>
    <ClInclude Include="Ch20\Task2\ex_2_20.h">
      <Filter>Ch20\Task2</Filter>
    </ClInclude>
  </ItemGroup>
  <ItemGroup>
    <Image Include="Resourses\1.jpg">
      <Filter>Файлы ресурсов</Filter>
    </Image>
  </ItemGroup>
  <ItemGroup>
    <Text Include="Ch18\RAII_test\0.txt">
      <Filter>Ch18\RAII_test</Filter>
    </Text>
    <Text Include="Ch18\RAII_test\1.txt">
      <Filter>Ch18\RAII_test</Filter>
    </Text>
  </ItemGroup>
</Project>