<?xml version="1.0" encoding="utf-8"?>
<Project ToolsVersion="4.0" xmlns="http://schemas.microsoft.com/developer/msbuild/2003">
  <ItemGroup>
    <Filter Include="Исходные файлы">
      <UniqueIdentifier>{4FC737F1-C7A5-4376-A066-2A32D752A2FF}</UniqueIdentifier>
      <Extensions>cpp;c;cc;cxx;def;odl;idl;hpj;bat;asm;asmx</Extensions>
    </Filter>
    <Filter Include="Файлы заголовков">
      <UniqueIdentifier>{93995380-89BD-4b04-88EB-625FBE52EBFB}</UniqueIdentifier>
      <Extensions>h;hh;hpp;hxx;hm;inl;inc;ipp;xsd</Extensions>
    </Filter>
    <Filter Include="Файлы ресурсов">
      <UniqueIdentifier>{67DA6AB6-F800-4c08-8B7A-83BB121AAD01}</UniqueIdentifier>
      <Extensions>rc;ico;cur;bmp;dlg;rc2;rct;bin;rgs;gif;jpg;jpeg;jpe;resx;tiff;tif;png;wav;mfcribbon-ms</Extensions>
    </Filter>
    <Filter Include="App">
      <UniqueIdentifier>{9e7d3f86-0cc7-4fad-b997-d85389d3b1ef}</UniqueIdentifier>
    </Filter>
    <Filter Include="Stroustruap_libs">
      <UniqueIdentifier>{6e05c67f-ca8a-47c0-800a-1a24d1f42e70}</UniqueIdentifier>
    </Filter>
    <Filter Include="Ch12">
      <UniqueIdentifier>{7ce06696-e8cc-4d95-899e-45076a1bc98b}</UniqueIdentifier>
    </Filter>
    <Filter Include="Ch12\Task1">
      <UniqueIdentifier>{1c38479c-c70d-426c-b73a-a0f1dfca9de0}</UniqueIdentifier>
    </Filter>
  </ItemGroup>
  <ItemGroup>
    <ClCompile Include="Stroustruap_libs\Graph.cpp">
      <Filter>Stroustruap_libs</Filter>
    </ClCompile>
    <ClCompile Include="Stroustruap_libs\GUI.cpp">
      <Filter>Stroustruap_libs</Filter>
    </ClCompile>
    <ClCompile Include="Stroustruap_libs\Window.cpp">
      <Filter>Stroustruap_libs</Filter>
    </ClCompile>
    <ClCompile Include="App\main.cpp">
      <Filter>App</Filter>
    </ClCompile>
    <ClCompile Include="Ch12\Task1\ex_1.cpp">
      <Filter>Ch12\Task1</Filter>
    </ClCompile>
  </ItemGroup>
  <ItemGroup>
    <ClInclude Include="Stroustruap_libs\Graph.h">
      <Filter>Stroustruap_libs</Filter>
    </ClInclude>
    <ClInclude Include="Stroustruap_libs\GUI.h">
      <Filter>Stroustruap_libs</Filter>
    </ClInclude>
    <ClInclude Include="Stroustruap_libs\Point.h">
      <Filter>Stroustruap_libs</Filter>
    </ClInclude>
    <ClInclude Include="Stroustruap_libs\Simple_window.h">
      <Filter>Stroustruap_libs</Filter>
    </ClInclude>
    <ClInclude Include="Stroustruap_libs\std_lib_facilities_4.h">
      <Filter>Stroustruap_libs</Filter>
    </ClInclude>
    <ClInclude Include="Stroustruap_libs\Window.h">
      <Filter>Stroustruap_libs</Filter>
    </ClInclude>
    <ClInclude Include="Ch12\Task1\ex_1.h">
      <Filter>Ch12\Task1</Filter>
    </ClInclude>
  </ItemGroup>
</Project>