<?xml version="1.0" encoding="utf-8"?>
<Project ToolsVersion="4.0" xmlns="http://schemas.microsoft.com/developer/msbuild/2003">
  <ItemGroup>
    <Filter Include="Исходные файлы">
      <UniqueIdentifier>{4FC737F1-C7A5-4376-A066-2A32D752A2FF}</UniqueIdentifier>
      <Extensions>cpp;c;cc;cxx;def;odl;idl;hpj;bat;asm;asmx</Extensions>
    </Filter>
    <Filter Include="Файлы заголовков">
      <UniqueIdentifier>{93995380-89BD-4b04-88EB-625FBE52EBFB}</UniqueIdentifier>
      <Extensions>h;hh;hpp;hxx;hm;inl;inc;ipp;xsd</Extensions>
    </Filter>
    <Filter Include="Файлы ресурсов">
      <UniqueIdentifier>{67DA6AB6-F800-4c08-8B7A-83BB121AAD01}</UniqueIdentifier>
      <Extensions>rc;ico;cur;bmp;dlg;rc2;rct;bin;rgs;gif;jpg;jpeg;jpe;resx;tiff;tif;png;wav;mfcribbon-ms</Extensions>
    </Filter>
    <Filter Include="App">
      <UniqueIdentifier>{9e7d3f86-0cc7-4fad-b997-d85389d3b1ef}</UniqueIdentifier>
    </Filter>
    <Filter Include="Stroustruap_libs">
      <UniqueIdentifier>{6e05c67f-ca8a-47c0-800a-1a24d1f42e70}</UniqueIdentifier>
    </Filter>
    <Filter Include="Ch12">
      <UniqueIdentifier>{7ce06696-e8cc-4d95-899e-45076a1bc98b}</UniqueIdentifier>
    </Filter>
    <Filter Include="Ch12\Task1">
      <UniqueIdentifier>{1c38479c-c70d-426c-b73a-a0f1dfca9de0}</UniqueIdentifier>
    </Filter>
    <Filter Include="Ch12\Task2">
      <UniqueIdentifier>{4e078514-0e53-47ff-acb7-a172f1c770da}</UniqueIdentifier>
    </Filter>
    <Filter Include="Ch12\Task3">
      <UniqueIdentifier>{675f557b-3054-4f25-96fc-5566684fe63e}</UniqueIdentifier>
    </Filter>
    <Filter Include="Ch12\Task5">
      <UniqueIdentifier>{9075ca35-9071-4eab-9ba7-010036a3b493}</UniqueIdentifier>
    </Filter>
    <Filter Include="Ch12\Task4">
      <UniqueIdentifier>{92abb3cf-cfd5-43ed-9791-7c2819c9fa62}</UniqueIdentifier>
    </Filter>
    <Filter Include="Ch12\Task7">
      <UniqueIdentifier>{4e44e20b-3058-410a-a105-7eaee510dbae}</UniqueIdentifier>
    </Filter>
    <Filter Include="Ch12\Task6">
      <UniqueIdentifier>{39c576db-1877-4a4b-bf5f-5c101e3a019f}</UniqueIdentifier>
    </Filter>
    <Filter Include="Ch12\Task8">
      <UniqueIdentifier>{a1311391-9741-4bdd-b778-07c59bfa4405}</UniqueIdentifier>
    </Filter>
    <Filter Include="Ch12\Task9">
      <UniqueIdentifier>{6802d372-391f-41ed-8177-8b6e88397027}</UniqueIdentifier>
    </Filter>
    <Filter Include="Ch12\Task10">
      <UniqueIdentifier>{7d1e5ecd-3110-4fe4-9520-999fa5855595}</UniqueIdentifier>
    </Filter>
    <Filter Include="Ch12\Task12-13">
      <UniqueIdentifier>{121dc2ba-32ff-4880-b070-2823f1b55b84}</UniqueIdentifier>
    </Filter>
    <Filter Include="Ch12\Task11">
      <UniqueIdentifier>{22817b02-bf8b-41c2-9693-70daa4791dfc}</UniqueIdentifier>
    </Filter>
    <Filter Include="Ch13">
      <UniqueIdentifier>{3a639a3a-a765-4993-9176-650dfc9a9aa4}</UniqueIdentifier>
    </Filter>
    <Filter Include="Ch13\Task1">
      <UniqueIdentifier>{4951662a-32e6-40f7-a965-ab7cfe3ca1b0}</UniqueIdentifier>
    </Filter>
    <Filter Include="Ch13\Task2">
      <UniqueIdentifier>{8907651d-c71d-4187-9f84-df293579cb60}</UniqueIdentifier>
    </Filter>
    <Filter Include="Ch13\My_classes">
      <UniqueIdentifier>{12fdd330-f7ae-493b-a2a4-5476bfae24c5}</UniqueIdentifier>
    </Filter>
    <Filter Include="Ch13\Task3">
      <UniqueIdentifier>{d112ee1f-6d67-47cc-944d-e9b12b167ebf}</UniqueIdentifier>
    </Filter>
    <Filter Include="Ch13\Task4">
      <UniqueIdentifier>{a4126f78-3651-4ff3-9e72-4ee13e866127}</UniqueIdentifier>
    </Filter>
    <Filter Include="Ch13\Task5">
      <UniqueIdentifier>{6ab341a5-0d1a-497a-8bc2-31d5bbe77050}</UniqueIdentifier>
    </Filter>
    <Filter Include="Ch13\Task7">
      <UniqueIdentifier>{e43310dd-3530-4a67-bfdc-c3ccbf230781}</UniqueIdentifier>
    </Filter>
    <Filter Include="Ch13\Task8-9">
      <UniqueIdentifier>{aa046242-d392-4bdf-a018-295540fd6d1c}</UniqueIdentifier>
    </Filter>
    <Filter Include="Ch13\Task10">
      <UniqueIdentifier>{6f83f359-7d95-4ad0-9195-d9b0fe5ea695}</UniqueIdentifier>
    </Filter>
    <Filter Include="Ch13\Task11">
      <UniqueIdentifier>{ab79ba42-dd51-400b-82b3-a386a5902bd1}</UniqueIdentifier>
    </Filter>
    <Filter Include="Ch13\Task13">
      <UniqueIdentifier>{ebd7cee3-80fa-4890-83f6-2c1c68aea41a}</UniqueIdentifier>
    </Filter>
    <Filter Include="Ch13\Task14">
      <UniqueIdentifier>{bcd19847-8ab7-4cf5-a18d-84eda49cafda}</UniqueIdentifier>
    </Filter>
    <Filter Include="Ch13\Task15">
      <UniqueIdentifier>{f5105109-f599-4ae6-928e-1f9742cab50b}</UniqueIdentifier>
    </Filter>
    <Filter Include="Ch13\Task16-17">
      <UniqueIdentifier>{e7435632-d895-4ffa-96e4-94ba11e4fc68}</UniqueIdentifier>
    </Filter>
    <Filter Include="Ch13\Task12">
      <UniqueIdentifier>{7dda76e5-6cd7-4398-9f5e-9a8accdfce8a}</UniqueIdentifier>
    </Filter>
    <Filter Include="Ch13\Task18">
      <UniqueIdentifier>{a09e3a50-1147-47e4-bb5d-0ab3dddfcb37}</UniqueIdentifier>
    </Filter>
    <Filter Include="Ch13\Task6">
      <UniqueIdentifier>{08590c36-9b2b-47c3-b2c4-df5d48e326a8}</UniqueIdentifier>
    </Filter>
    <Filter Include="Ch13\Task19">
      <UniqueIdentifier>{070ab932-ee22-454f-a3b1-c94266c27c44}</UniqueIdentifier>
    </Filter>
    <Filter Include="Ch14">
      <UniqueIdentifier>{5efbdb7f-5d8b-45fd-8175-b4f081643616}</UniqueIdentifier>
    </Filter>
    <Filter Include="Ch14\Task1z">
      <UniqueIdentifier>{b8d33fa0-579b-43ab-a708-d80ab200362b}</UniqueIdentifier>
    </Filter>
    <Filter Include="Ch14\Task1">
      <UniqueIdentifier>{51dd9150-0945-4ce5-99bf-0610890066b6}</UniqueIdentifier>
    </Filter>
    <Filter Include="Ch14\My_Classes_14">
      <UniqueIdentifier>{9ae64749-d75d-4d75-af81-ced4e73f22a8}</UniqueIdentifier>
    </Filter>
    <Filter Include="Ch14\Task4">
      <UniqueIdentifier>{07dcf35e-c8ae-455a-add2-6e4b806661a1}</UniqueIdentifier>
    </Filter>
    <Filter Include="Ch14\Task8">
      <UniqueIdentifier>{52886186-5222-4ae2-8ee3-9aa4663bf174}</UniqueIdentifier>
    </Filter>
    <Filter Include="Ch14\Task15">
      <UniqueIdentifier>{ef77b725-47e8-446c-849d-438facb538e0}</UniqueIdentifier>
    </Filter>
    <Filter Include="Ch14\Task16">
      <UniqueIdentifier>{59a80f8a-347d-4056-a2bf-e3c764906c90}</UniqueIdentifier>
    </Filter>
    <Filter Include="Ch14\Task5">
      <UniqueIdentifier>{79ad0435-4833-4fa0-b918-821bdf93999f}</UniqueIdentifier>
    </Filter>
    <Filter Include="Ch14\Task6">
      <UniqueIdentifier>{c74c6cc1-fdcf-4759-83b2-f3b747665292}</UniqueIdentifier>
    </Filter>
    <Filter Include="Ch14\Task7">
      <UniqueIdentifier>{b29fc531-a91f-4f9a-9b7a-33ce0984b8c2}</UniqueIdentifier>
    </Filter>
    <Filter Include="Ch14\Task17">
      <UniqueIdentifier>{9cb51868-65bd-4247-8c45-c974bc2f8121}</UniqueIdentifier>
    </Filter>
    <Filter Include="Ch14\Task11-14">
      <UniqueIdentifier>{3c4d8bc3-580e-4c0b-8106-0bb6ad090368}</UniqueIdentifier>
    </Filter>
  </ItemGroup>
  <ItemGroup>
    <ClCompile Include="Stroustruap_libs\Graph.cpp">
      <Filter>Stroustruap_libs</Filter>
    </ClCompile>
    <ClCompile Include="Stroustruap_libs\GUI.cpp">
      <Filter>Stroustruap_libs</Filter>
    </ClCompile>
    <ClCompile Include="Stroustruap_libs\Window.cpp">
      <Filter>Stroustruap_libs</Filter>
    </ClCompile>
    <ClCompile Include="App\main.cpp">
      <Filter>App</Filter>
    </ClCompile>
    <ClCompile Include="Ch12\Task1\ex_1.cpp">
      <Filter>Ch12\Task1</Filter>
    </ClCompile>
    <ClCompile Include="Stroustruap_libs\Simple_window.cpp">
      <Filter>Stroustruap_libs</Filter>
    </ClCompile>
    <ClCompile Include="Ch12\Task2\ex_2.cpp">
      <Filter>Ch12\Task2</Filter>
    </ClCompile>
    <ClCompile Include="Ch12\Task3\ex_3.cpp">
      <Filter>Ch12\Task3</Filter>
    </ClCompile>
    <ClCompile Include="Ch12\Task4\ex_4.cpp">
      <Filter>Ch12\Task4</Filter>
    </ClCompile>
    <ClCompile Include="Ch12\Task5\ex_5.cpp">
      <Filter>Ch12\Task5</Filter>
    </ClCompile>
    <ClCompile Include="Ch12\Task6\ex_6.cpp">
      <Filter>Ch12\Task6</Filter>
    </ClCompile>
    <ClCompile Include="Ch12\Task7\ex_7.cpp">
      <Filter>Ch12\Task7</Filter>
    </ClCompile>
    <ClCompile Include="Ch12\Task8\ex_8.cpp">
      <Filter>Ch12\Task8</Filter>
    </ClCompile>
    <ClCompile Include="Ch12\Task9\ex_9.cpp">
      <Filter>Ch12\Task9</Filter>
    </ClCompile>
    <ClCompile Include="Ch12\Task10\ex_10.cpp">
      <Filter>Ch12\Task10</Filter>
    </ClCompile>
    <ClCompile Include="Ch12\Task11\ex_11.cpp">
      <Filter>Ch12\Task11</Filter>
    </ClCompile>
    <ClCompile Include="Ch12\Task12-13\ex_12_13.cpp">
      <Filter>Ch12\Task12-13</Filter>
    </ClCompile>
    <ClCompile Include="Ch13\Task1\ex_1.cpp">
      <Filter>Ch13\Task1</Filter>
    </ClCompile>
    <ClCompile Include="Ch13\Task2\ex_2.cpp">
      <Filter>Ch13\Task2</Filter>
    </ClCompile>
    <ClCompile Include="Ch13\Task3\ex_3.cpp">
      <Filter>Ch13\Task3</Filter>
    </ClCompile>
    <ClCompile Include="Ch13\My_Classes\Arrow.cpp">
      <Filter>Ch13\My_classes</Filter>
    </ClCompile>
    <ClCompile Include="Ch13\Task4\ex_4.cpp">
      <Filter>Ch13\Task4</Filter>
    </ClCompile>
    <ClCompile Include="Ch13\Task5\ex_5.cpp">
      <Filter>Ch13\Task5</Filter>
    </ClCompile>
    <ClCompile Include="Ch13\Task7\ex_7.cpp">
      <Filter>Ch13\Task7</Filter>
    </ClCompile>
    <ClCompile Include="Ch13\Task8-9\ex_8_9.cpp">
      <Filter>Ch13\Task8-9</Filter>
    </ClCompile>
    <ClCompile Include="Ch13\Task10\ex_10.cpp">
      <Filter>Ch13\Task10</Filter>
    </ClCompile>
    <ClCompile Include="Ch13\Task11\ex_11.cpp">
      <Filter>Ch13\Task11</Filter>
    </ClCompile>
    <ClCompile Include="Ch13\Task13\ex_13.cpp">
      <Filter>Ch13\Task13</Filter>
    </ClCompile>
    <ClCompile Include="Ch13\Task14\ex_14.cpp">
      <Filter>Ch13\Task14</Filter>
    </ClCompile>
    <ClCompile Include="Ch13\Task15\ex_15.cpp">
      <Filter>Ch13\Task15</Filter>
    </ClCompile>
    <ClCompile Include="Ch13\Task16-17\ex_16_17.cpp">
      <Filter>Ch13\Task16-17</Filter>
    </ClCompile>
    <ClCompile Include="Ch13\Task12\ex_12.cpp">
      <Filter>Ch13\Task12</Filter>
    </ClCompile>
    <ClCompile Include="Ch13\Task18\ex_18.cpp">
      <Filter>Ch13\Task18</Filter>
    </ClCompile>
    <ClCompile Include="Ch13\Task6\ex_6.cpp">
      <Filter>Ch13\Task6</Filter>
    </ClCompile>
    <ClCompile Include="Ch13\Task19\ex_19.cpp">
      <Filter>Ch13\Task19</Filter>
    </ClCompile>
    <ClCompile Include="Ch14\Task1z\ex_1_14z.cpp">
      <Filter>Ch14\Task1z</Filter>
    </ClCompile>
    <ClCompile Include="Ch14\Task1\ex_1_14.cpp">
      <Filter>Ch14\Task1</Filter>
    </ClCompile>
    <ClCompile Include="Ch14\Task4\ex_4_14.cpp">
      <Filter>Ch14\Task4</Filter>
    </ClCompile>
    <ClCompile Include="Ch14\Task8\ex_8_14.cpp">
      <Filter>Ch14\Task8</Filter>
    </ClCompile>
    <ClCompile Include="Ch14\Task15\ex_15_14.cpp">
      <Filter>Ch14\Task15</Filter>
    </ClCompile>
    <ClCompile Include="Ch14\Task16\ex_16_14.cpp">
      <Filter>Ch14\Task16</Filter>
    </ClCompile>
    <ClCompile Include="Ch14\Task5\ex_5_14.cpp">
      <Filter>Ch14\Task5</Filter>
    </ClCompile>
    <ClCompile Include="Ch14\Task6\ex_6_14.cpp">
      <Filter>Ch14\Task6</Filter>
    </ClCompile>
    <ClCompile Include="Ch14\Task7\ex_7_14.cpp">
      <Filter>Ch14\Task7</Filter>
    </ClCompile>
    <ClCompile Include="Ch14\Task17\ex_17_14.cpp">
      <Filter>Ch14\Task17</Filter>
    </ClCompile>
    <ClCompile Include="Ch14\Task11-14\ex_11_14_14.cpp">
      <Filter>Ch14\Task11-14</Filter>
    </ClCompile>
  </ItemGroup>
  <ItemGroup>
    <ClInclude Include="Stroustruap_libs\Graph.h">
      <Filter>Stroustruap_libs</Filter>
    </ClInclude>
    <ClInclude Include="Stroustruap_libs\GUI.h">
      <Filter>Stroustruap_libs</Filter>
    </ClInclude>
    <ClInclude Include="Stroustruap_libs\Point.h">
      <Filter>Stroustruap_libs</Filter>
    </ClInclude>
    <ClInclude Include="Stroustruap_libs\Simple_window.h">
      <Filter>Stroustruap_libs</Filter>
    </ClInclude>
    <ClInclude Include="Stroustruap_libs\std_lib_facilities_4.h">
      <Filter>Stroustruap_libs</Filter>
    </ClInclude>
    <ClInclude Include="Stroustruap_libs\Window.h">
      <Filter>Stroustruap_libs</Filter>
    </ClInclude>
    <ClInclude Include="Ch12\Task1\ex_1.h">
      <Filter>Ch12\Task1</Filter>
    </ClInclude>
    <ClInclude Include="Ch12\Task2\ex_2.h">
      <Filter>Ch12\Task2</Filter>
    </ClInclude>
    <ClInclude Include="Ch12\Task3\ex_3.h">
      <Filter>Ch12\Task3</Filter>
    </ClInclude>
    <ClInclude Include="Ch12\Task4\ex_4.h">
      <Filter>Ch12\Task4</Filter>
    </ClInclude>
    <ClInclude Include="Ch12\Task5\ex_5.h">
      <Filter>Ch12\Task5</Filter>
    </ClInclude>
    <ClInclude Include="Ch12\Task6\ex_6.h">
      <Filter>Ch12\Task6</Filter>
    </ClInclude>
    <ClInclude Include="Ch12\Task7\ex_7.h">
      <Filter>Ch12\Task7</Filter>
    </ClInclude>
    <ClInclude Include="Ch12\Task8\ex_8.h">
      <Filter>Ch12\Task8</Filter>
    </ClInclude>
    <ClInclude Include="Ch12\Task9\ex_9.h">
      <Filter>Ch12\Task9</Filter>
    </ClInclude>
    <ClInclude Include="Ch12\Task10\ex_10.h">
      <Filter>Ch12\Task10</Filter>
    </ClInclude>
    <ClInclude Include="Ch12\Task11\ex_11.h">
      <Filter>Ch12\Task11</Filter>
    </ClInclude>
    <ClInclude Include="Ch12\Task12-13\ex_12_13.h">
      <Filter>Ch12\Task12-13</Filter>
    </ClInclude>
    <ClInclude Include="Ch13\Task1\ex_1.h">
      <Filter>Ch13\Task1</Filter>
    </ClInclude>
    <ClInclude Include="Ch13\Task2\ex_2.h">
      <Filter>Ch13\Task2</Filter>
    </ClInclude>
    <ClInclude Include="Ch13\My_Classes\Arc.h">
      <Filter>Ch13\My_classes</Filter>
    </ClInclude>
    <ClInclude Include="Ch13\My_Classes\Box.h">
      <Filter>Ch13\My_classes</Filter>
    </ClInclude>
    <ClInclude Include="Ch13\My_Classes\Arrow.h">
      <Filter>Ch13\My_classes</Filter>
    </ClInclude>
    <ClInclude Include="Ch13\Task3\ex_3.h">
      <Filter>Ch13\Task3</Filter>
    </ClInclude>
    <ClInclude Include="Ch13\Task4\ex_4.h">
      <Filter>Ch13\Task4</Filter>
    </ClInclude>
    <ClInclude Include="Ch13\Task5\ex_5.h">
      <Filter>Ch13\Task5</Filter>
    </ClInclude>
    <ClInclude Include="Ch13\Task7\ex_7.h">
      <Filter>Ch13\Task7</Filter>
    </ClInclude>
    <ClInclude Include="Ch13\My_Classes\Regular_hexagon.h">
      <Filter>Ch13\My_classes</Filter>
    </ClInclude>
    <ClInclude Include="Ch13\Task8-9\ex_8_9.h">
      <Filter>Ch13\Task8-9</Filter>
    </ClInclude>
    <ClInclude Include="Ch13\My_Classes\Regular_polygon.h">
      <Filter>Ch13\My_classes</Filter>
    </ClInclude>
    <ClInclude Include="Ch13\Task10\ex_10.h">
      <Filter>Ch13\Task10</Filter>
    </ClInclude>
    <ClInclude Include="Ch13\Task11\ex_11.h">
      <Filter>Ch13\Task11</Filter>
    </ClInclude>
    <ClInclude Include="Ch13\Task13\ex_13.h">
      <Filter>Ch13\Task13</Filter>
    </ClInclude>
    <ClInclude Include="Ch13\My_Classes\Right_triangle.h">
      <Filter>Ch13\My_classes</Filter>
    </ClInclude>
    <ClInclude Include="Ch13\Task14\ex_14.h">
      <Filter>Ch13\Task14</Filter>
    </ClInclude>
    <ClInclude Include="Ch13\Task15\ex_15.h">
      <Filter>Ch13\Task15</Filter>
    </ClInclude>
    <ClInclude Include="Ch13\Task16-17\ex_16_17.h">
      <Filter>Ch13\Task16-17</Filter>
    </ClInclude>
    <ClInclude Include="Ch13\Task12\ex_12.h">
      <Filter>Ch13\Task12</Filter>
    </ClInclude>
    <ClInclude Include="Ch13\Task18\ex_18.h">
      <Filter>Ch13\Task18</Filter>
    </ClInclude>
    <ClInclude Include="Ch13\My_Classes\Poly.h">
      <Filter>Ch13\My_classes</Filter>
    </ClInclude>
    <ClInclude Include="Ch13\Task6\ex_6.h">
      <Filter>Ch13\Task6</Filter>
    </ClInclude>
    <ClInclude Include="Ch13\My_Classes\tBox.h">
      <Filter>Ch13\My_classes</Filter>
    </ClInclude>
    <ClInclude Include="Ch13\Task19\ex_19.h">
      <Filter>Ch13\Task19</Filter>
    </ClInclude>
    <ClInclude Include="Ch13\My_Classes\Star.h">
      <Filter>Ch13\My_classes</Filter>
    </ClInclude>
    <ClInclude Include="Ch14\Task1z\ex_1_14z.h">
      <Filter>Ch14\Task1z</Filter>
    </ClInclude>
    <ClInclude Include="Ch14\Task1\ex_1_14.h">
      <Filter>Ch14\Task1</Filter>
    </ClInclude>
    <ClInclude Include="Ch14\My_Classes_14\Frowny.h">
      <Filter>Ch14\My_Classes_14</Filter>
    </ClInclude>
    <ClInclude Include="Ch14\My_Classes_14\Smiley.h">
      <Filter>Ch14\My_Classes_14</Filter>
    </ClInclude>
    <ClInclude Include="Ch14\My_Classes_14\Frowny_h.h">
      <Filter>Ch14\My_Classes_14</Filter>
    </ClInclude>
    <ClInclude Include="Ch14\My_Classes_14\Smiley_h.h">
      <Filter>Ch14\My_Classes_14</Filter>
    </ClInclude>
    <ClInclude Include="Ch14\My_Classes_14\Immobile_Circle.h">
      <Filter>Ch14\My_Classes_14</Filter>
    </ClInclude>
    <ClInclude Include="Ch14\Task4\ex_4_14.h">
      <Filter>Ch14\Task4</Filter>
    </ClInclude>
    <ClInclude Include="Ch14\Task8\ex_8_14.h">
      <Filter>Ch14\Task8</Filter>
    </ClInclude>
    <ClInclude Include="Ch14\My_Classes_14\Octagon.h">
      <Filter>Ch14\My_Classes_14</Filter>
    </ClInclude>
    <ClInclude Include="Ch14\Task15\ex_15_14.h">
      <Filter>Ch14\Task15</Filter>
    </ClInclude>
    <ClInclude Include="Ch14\My_Classes_14\myIterator.h">
      <Filter>Ch14\My_Classes_14</Filter>
    </ClInclude>
    <ClInclude Include="Ch14\Task16\ex_16_14.h">
      <Filter>Ch14\Task16</Filter>
    </ClInclude>
    <ClInclude Include="Ch14\My_Classes_14\Striped_rectangle.h">
      <Filter>Ch14\My_Classes_14</Filter>
    </ClInclude>
    <ClInclude Include="Ch14\Task5\ex_5_14.h">
      <Filter>Ch14\Task5</Filter>
    </ClInclude>
    <ClInclude Include="Ch14\My_Classes_14\Controller.h">
      <Filter>Ch14\My_Classes_14</Filter>
    </ClInclude>
    <ClInclude Include="Ch14\Task6\ex_6_14.h">
      <Filter>Ch14\Task6</Filter>
    </ClInclude>
    <ClInclude Include="Ch14\My_Classes_14\Striped_circle.h">
      <Filter>Ch14\My_Classes_14</Filter>
    </ClInclude>
    <ClInclude Include="Ch14\My_Classes_14\Striped_closed_polyline.h">
      <Filter>Ch14\My_Classes_14</Filter>
    </ClInclude>
    <ClInclude Include="Ch14\Task7\ex_7_14.h">
      <Filter>Ch14\Task7</Filter>
    </ClInclude>
    <ClInclude Include="Ch14\Task17\ex_17_14.h">
      <Filter>Ch14\Task17</Filter>
    </ClInclude>
    <ClInclude Include="Ch14\Task11-14\ex_11_14_14.h">
      <Filter>Ch14\Task11-14</Filter>
    </ClInclude>
    <ClInclude Include="Ch14\My_Classes_14\Binary_tree.h">
      <Filter>Ch14\My_Classes_14</Filter>
    </ClInclude>
  </ItemGroup>
  <ItemGroup>
    <Image Include="Resourses\1.jpg">
      <Filter>Файлы ресурсов</Filter>
    </Image>
  </ItemGroup>
</Project>